
Microsoft Visual Studio Solution File, Format Version 12.00
# Visual Studio Version 17
VisualStudioVersion = 17.8.34408.163
MinimumVisualStudioVersion = 10.0.40219.1
Project("{9A19103F-16F7-4668-BE54-9A1E7A4F7556}") = "AsistManager", "AsistManager\AsistManager.csproj", "{28803A91-F851-4F18-84FA-B8AF5E0A795C}"
EndProject
Global
	GlobalSection(SolutionConfigurationPlatforms) = preSolution
		Debug|Any CPU = Debug|Any CPU
		Release|Any CPU = Release|Any CPU
	EndGlobalSection
	GlobalSection(ProjectConfigurationPlatforms) = postSolution
		{28803A91-F851-4F18-84FA-B8AF5E0A795C}.Debug|Any CPU.ActiveCfg = Debug|Any CPU
		{28803A91-F851-4F18-84FA-B8AF5E0A795C}.Debug|Any CPU.Build.0 = Debug|Any CPU
		{28803A91-F851-4F18-84FA-B8AF5E0A795C}.Release|Any CPU.ActiveCfg = Release|Any CPU
		{28803A91-F851-4F18-84FA-B8AF5E0A795C}.Release|Any CPU.Build.0 = Release|Any CPU
	EndGlobalSection
	GlobalSection(SolutionProperties) = preSolution
		HideSolutionNode = FALSE
	EndGlobalSection
	GlobalSection(ExtensibilityGlobals) = postSolution
		SolutionGuid = {5597A86C-F7FE-44CB-9969-AF78B1617CC0}
	EndGlobalSection
EndGlobal
